// !$*UTF8*$!
{
	archiveVersion = 1;
	classes = {
	};
	objectVersion = 56;
	objects = {

/* Begin PBXBuildFile section */
		CB980A0B2A4551CD00AEBF49 /* facebook_ui_swiftApp.swift in Sources */ = {isa = PBXBuildFile; fileRef = CB980A0A2A4551CD00AEBF49 /* facebook_ui_swiftApp.swift */; };
		CB980A0F2A4551CE00AEBF49 /* Assets.xcassets in Resources */ = {isa = PBXBuildFile; fileRef = CB980A0E2A4551CE00AEBF49 /* Assets.xcassets */; };
		CB980A132A4551CE00AEBF49 /* Preview Assets.xcassets in Resources */ = {isa = PBXBuildFile; fileRef = CB980A122A4551CE00AEBF49 /* Preview Assets.xcassets */; };
		CB980A1D2A4551CE00AEBF49 /* facebook_ui_swiftTests.swift in Sources */ = {isa = PBXBuildFile; fileRef = CB980A1C2A4551CE00AEBF49 /* facebook_ui_swiftTests.swift */; };
		CB980A272A4551CE00AEBF49 /* facebook_ui_swiftUITests.swift in Sources */ = {isa = PBXBuildFile; fileRef = CB980A262A4551CE00AEBF49 /* facebook_ui_swiftUITests.swift */; };
		CB980A292A4551CE00AEBF49 /* facebook_ui_swiftUITestsLaunchTests.swift in Sources */ = {isa = PBXBuildFile; fileRef = CB980A282A4551CE00AEBF49 /* facebook_ui_swiftUITestsLaunchTests.swift */; };
		CB980A3B2A4552DB00AEBF49 /* Colors.swift in Sources */ = {isa = PBXBuildFile; fileRef = CB980A3A2A4552DB00AEBF49 /* Colors.swift */; };
		CB980A402A45863E00AEBF49 /* extension.swift in Sources */ = {isa = PBXBuildFile; fileRef = CB980A3F2A45863E00AEBF49 /* extension.swift */; };
		CB980A432A4587B600AEBF49 /* ContentView.swift in Sources */ = {isa = PBXBuildFile; fileRef = CB980A422A4587B600AEBF49 /* ContentView.swift */; };
		CB980A462A4587D600AEBF49 /* Header.swift in Sources */ = {isa = PBXBuildFile; fileRef = CB980A452A4587D600AEBF49 /* Header.swift */; };
		CB980A482A4588F400AEBF49 /* Home.swift in Sources */ = {isa = PBXBuildFile; fileRef = CB980A472A4588F400AEBF49 /* Home.swift */; };
		CB980A4C2A458A6B00AEBF49 /* PostsModel.swift in Sources */ = {isa = PBXBuildFile; fileRef = CB980A4A2A458A6B00AEBF49 /* PostsModel.swift */; };
		CB980A4D2A458A6B00AEBF49 /* StoriesModel.swift in Sources */ = {isa = PBXBuildFile; fileRef = CB980A4B2A458A6B00AEBF49 /* StoriesModel.swift */; };
		CB980A4F2A458AC800AEBF49 /* AddStoriesRow.swift in Sources */ = {isa = PBXBuildFile; fileRef = CB980A4E2A458AC800AEBF49 /* AddStoriesRow.swift */; };
		CB980A512A458BE300AEBF49 /* StoryCard.swift in Sources */ = {isa = PBXBuildFile; fileRef = CB980A502A458BE300AEBF49 /* StoryCard.swift */; };
/* End PBXBuildFile section */

/* Begin PBXContainerItemProxy section */
		CB980A192A4551CE00AEBF49 /* PBXContainerItemProxy */ = {
			isa = PBXContainerItemProxy;
			containerPortal = CB9809FF2A4551CD00AEBF49 /* Project object */;
			proxyType = 1;
			remoteGlobalIDString = CB980A062A4551CD00AEBF49;
			remoteInfo = facebook_ui_swift;
		};
		CB980A232A4551CE00AEBF49 /* PBXContainerItemProxy */ = {
			isa = PBXContainerItemProxy;
			containerPortal = CB9809FF2A4551CD00AEBF49 /* Project object */;
			proxyType = 1;
			remoteGlobalIDString = CB980A062A4551CD00AEBF49;
			remoteInfo = facebook_ui_swift;
		};
/* End PBXContainerItemProxy section */

/* Begin PBXFileReference section */
		CB980A072A4551CD00AEBF49 /* facebook_ui_swift.app */ = {isa = PBXFileReference; explicitFileType = wrapper.application; includeInIndex = 0; path = facebook_ui_swift.app; sourceTree = BUILT_PRODUCTS_DIR; };
		CB980A0A2A4551CD00AEBF49 /* facebook_ui_swiftApp.swift */ = {isa = PBXFileReference; lastKnownFileType = sourcecode.swift; path = facebook_ui_swiftApp.swift; sourceTree = "<group>"; };
		CB980A0E2A4551CE00AEBF49 /* Assets.xcassets */ = {isa = PBXFileReference; lastKnownFileType = folder.assetcatalog; path = Assets.xcassets; sourceTree = "<group>"; };
		CB980A102A4551CE00AEBF49 /* facebook_ui_swift.entitlements */ = {isa = PBXFileReference; lastKnownFileType = text.plist.entitlements; path = facebook_ui_swift.entitlements; sourceTree = "<group>"; };
		CB980A122A4551CE00AEBF49 /* Preview Assets.xcassets */ = {isa = PBXFileReference; lastKnownFileType = folder.assetcatalog; path = "Preview Assets.xcassets"; sourceTree = "<group>"; };
		CB980A182A4551CE00AEBF49 /* facebook_ui_swiftTests.xctest */ = {isa = PBXFileReference; explicitFileType = wrapper.cfbundle; includeInIndex = 0; path = facebook_ui_swiftTests.xctest; sourceTree = BUILT_PRODUCTS_DIR; };
		CB980A1C2A4551CE00AEBF49 /* facebook_ui_swiftTests.swift */ = {isa = PBXFileReference; lastKnownFileType = sourcecode.swift; path = facebook_ui_swiftTests.swift; sourceTree = "<group>"; };
		CB980A222A4551CE00AEBF49 /* facebook_ui_swiftUITests.xctest */ = {isa = PBXFileReference; explicitFileType = wrapper.cfbundle; includeInIndex = 0; path = facebook_ui_swiftUITests.xctest; sourceTree = BUILT_PRODUCTS_DIR; };
		CB980A262A4551CE00AEBF49 /* facebook_ui_swiftUITests.swift */ = {isa = PBXFileReference; lastKnownFileType = sourcecode.swift; path = facebook_ui_swiftUITests.swift; sourceTree = "<group>"; };
		CB980A282A4551CE00AEBF49 /* facebook_ui_swiftUITestsLaunchTests.swift */ = {isa = PBXFileReference; lastKnownFileType = sourcecode.swift; path = facebook_ui_swiftUITestsLaunchTests.swift; sourceTree = "<group>"; };
		CB980A3A2A4552DB00AEBF49 /* Colors.swift */ = {isa = PBXFileReference; lastKnownFileType = sourcecode.swift; path = Colors.swift; sourceTree = "<group>"; };
		CB980A3F2A45863E00AEBF49 /* extension.swift */ = {isa = PBXFileReference; lastKnownFileType = sourcecode.swift; path = extension.swift; sourceTree = "<group>"; };
		CB980A422A4587B600AEBF49 /* ContentView.swift */ = {isa = PBXFileReference; lastKnownFileType = sourcecode.swift; path = ContentView.swift; sourceTree = "<group>"; };
		CB980A452A4587D600AEBF49 /* Header.swift */ = {isa = PBXFileReference; lastKnownFileType = sourcecode.swift; path = Header.swift; sourceTree = "<group>"; };
		CB980A472A4588F400AEBF49 /* Home.swift */ = {isa = PBXFileReference; lastKnownFileType = sourcecode.swift; path = Home.swift; sourceTree = "<group>"; };
		CB980A4A2A458A6B00AEBF49 /* PostsModel.swift */ = {isa = PBXFileReference; fileEncoding = 4; lastKnownFileType = sourcecode.swift; path = PostsModel.swift; sourceTree = "<group>"; };
		CB980A4B2A458A6B00AEBF49 /* StoriesModel.swift */ = {isa = PBXFileReference; fileEncoding = 4; lastKnownFileType = sourcecode.swift; path = StoriesModel.swift; sourceTree = "<group>"; };
		CB980A4E2A458AC800AEBF49 /* AddStoriesRow.swift */ = {isa = PBXFileReference; lastKnownFileType = sourcecode.swift; path = AddStoriesRow.swift; sourceTree = "<group>"; };
		CB980A502A458BE300AEBF49 /* StoryCard.swift */ = {isa = PBXFileReference; lastKnownFileType = sourcecode.swift; path = StoryCard.swift; sourceTree = "<group>"; };
/* End PBXFileReference section */

/* Begin PBXFrameworksBuildPhase section */
		CB980A042A4551CD00AEBF49 /* Frameworks */ = {
			isa = PBXFrameworksBuildPhase;
			buildActionMask = 2147483647;
			files = (
			);
			runOnlyForDeploymentPostprocessing = 0;
		};
		CB980A152A4551CE00AEBF49 /* Frameworks */ = {
			isa = PBXFrameworksBuildPhase;
			buildActionMask = 2147483647;
			files = (
			);
			runOnlyForDeploymentPostprocessing = 0;
		};
		CB980A1F2A4551CE00AEBF49 /* Frameworks */ = {
			isa = PBXFrameworksBuildPhase;
			buildActionMask = 2147483647;
			files = (
			);
			runOnlyForDeploymentPostprocessing = 0;
		};
/* End PBXFrameworksBuildPhase section */

/* Begin PBXGroup section */
		CB9809FE2A4551CD00AEBF49 = {
			isa = PBXGroup;
			children = (
				CB980A092A4551CD00AEBF49 /* facebook_ui_swift */,
				CB980A1B2A4551CE00AEBF49 /* facebook_ui_swiftTests */,
				CB980A252A4551CE00AEBF49 /* facebook_ui_swiftUITests */,
				CB980A082A4551CD00AEBF49 /* Products */,
			);
			sourceTree = "<group>";
		};
		CB980A082A4551CD00AEBF49 /* Products */ = {
			isa = PBXGroup;
			children = (
				CB980A072A4551CD00AEBF49 /* facebook_ui_swift.app */,
				CB980A182A4551CE00AEBF49 /* facebook_ui_swiftTests.xctest */,
				CB980A222A4551CE00AEBF49 /* facebook_ui_swiftUITests.xctest */,
			);
			name = Products;
			sourceTree = "<group>";
		};
		CB980A092A4551CD00AEBF49 /* facebook_ui_swift */ = {
			isa = PBXGroup;
			children = (
				CB980A492A458A5C00AEBF49 /* Model */,
				CB980A412A45879A00AEBF49 /* Views */,
				CB980A392A4552C800AEBF49 /* config */,
				CB980A0A2A4551CD00AEBF49 /* facebook_ui_swiftApp.swift */,
				CB980A0E2A4551CE00AEBF49 /* Assets.xcassets */,
				CB980A102A4551CE00AEBF49 /* facebook_ui_swift.entitlements */,
				CB980A112A4551CE00AEBF49 /* Preview Content */,
			);
			path = facebook_ui_swift;
			sourceTree = "<group>";
		};
		CB980A112A4551CE00AEBF49 /* Preview Content */ = {
			isa = PBXGroup;
			children = (
				CB980A122A4551CE00AEBF49 /* Preview Assets.xcassets */,
			);
			path = "Preview Content";
			sourceTree = "<group>";
		};
		CB980A1B2A4551CE00AEBF49 /* facebook_ui_swiftTests */ = {
			isa = PBXGroup;
			children = (
				CB980A1C2A4551CE00AEBF49 /* facebook_ui_swiftTests.swift */,
			);
			path = facebook_ui_swiftTests;
			sourceTree = "<group>";
		};
		CB980A252A4551CE00AEBF49 /* facebook_ui_swiftUITests */ = {
			isa = PBXGroup;
			children = (
				CB980A262A4551CE00AEBF49 /* facebook_ui_swiftUITests.swift */,
				CB980A282A4551CE00AEBF49 /* facebook_ui_swiftUITestsLaunchTests.swift */,
			);
			path = facebook_ui_swiftUITests;
			sourceTree = "<group>";
		};
		CB980A392A4552C800AEBF49 /* config */ = {
			isa = PBXGroup;
			children = (
				CB980A3A2A4552DB00AEBF49 /* Colors.swift */,
				CB980A3F2A45863E00AEBF49 /* extension.swift */,
			);
			path = config;
			sourceTree = "<group>";
		};
		CB980A412A45879A00AEBF49 /* Views */ = {
			isa = PBXGroup;
			children = (
				CB980A442A4587CA00AEBF49 /* Home */,
				CB980A422A4587B600AEBF49 /* ContentView.swift */,
			);
			path = Views;
			sourceTree = "<group>";
		};
		CB980A442A4587CA00AEBF49 /* Home */ = {
			isa = PBXGroup;
			children = (
				CB980A452A4587D600AEBF49 /* Header.swift */,
				CB980A472A4588F400AEBF49 /* Home.swift */,
				CB980A4E2A458AC800AEBF49 /* AddStoriesRow.swift */,
				CB980A502A458BE300AEBF49 /* StoryCard.swift */,
			);
			path = Home;
			sourceTree = "<group>";
		};
		CB980A492A458A5C00AEBF49 /* Model */ = {
			isa = PBXGroup;
			children = (
				CB980A4A2A458A6B00AEBF49 /* PostsModel.swift */,
				CB980A4B2A458A6B00AEBF49 /* StoriesModel.swift */,
			);
			path = Model;
			sourceTree = "<group>";
		};
/* End PBXGroup section */

/* Begin PBXNativeTarget section */
		CB980A062A4551CD00AEBF49 /* facebook_ui_swift */ = {
			isa = PBXNativeTarget;
			buildConfigurationList = CB980A2C2A4551CE00AEBF49 /* Build configuration list for PBXNativeTarget "facebook_ui_swift" */;
			buildPhases = (
				CB980A032A4551CD00AEBF49 /* Sources */,
				CB980A042A4551CD00AEBF49 /* Frameworks */,
				CB980A052A4551CD00AEBF49 /* Resources */,
			);
			buildRules = (
			);
			dependencies = (
			);
			name = facebook_ui_swift;
			productName = facebook_ui_swift;
			productReference = CB980A072A4551CD00AEBF49 /* facebook_ui_swift.app */;
			productType = "com.apple.product-type.application";
		};
		CB980A172A4551CE00AEBF49 /* facebook_ui_swiftTests */ = {
			isa = PBXNativeTarget;
			buildConfigurationList = CB980A2F2A4551CE00AEBF49 /* Build configuration list for PBXNativeTarget "facebook_ui_swiftTests" */;
			buildPhases = (
				CB980A142A4551CE00AEBF49 /* Sources */,
				CB980A152A4551CE00AEBF49 /* Frameworks */,
				CB980A162A4551CE00AEBF49 /* Resources */,
			);
			buildRules = (
			);
			dependencies = (
				CB980A1A2A4551CE00AEBF49 /* PBXTargetDependency */,
			);
			name = facebook_ui_swiftTests;
			productName = facebook_ui_swiftTests;
			productReference = CB980A182A4551CE00AEBF49 /* facebook_ui_swiftTests.xctest */;
			productType = "com.apple.product-type.bundle.unit-test";
		};
		CB980A212A4551CE00AEBF49 /* facebook_ui_swiftUITests */ = {
			isa = PBXNativeTarget;
			buildConfigurationList = CB980A322A4551CE00AEBF49 /* Build configuration list for PBXNativeTarget "facebook_ui_swiftUITests" */;
			buildPhases = (
				CB980A1E2A4551CE00AEBF49 /* Sources */,
				CB980A1F2A4551CE00AEBF49 /* Frameworks */,
				CB980A202A4551CE00AEBF49 /* Resources */,
			);
			buildRules = (
			);
			dependencies = (
				CB980A242A4551CE00AEBF49 /* PBXTargetDependency */,
			);
			name = facebook_ui_swiftUITests;
			productName = facebook_ui_swiftUITests;
			productReference = CB980A222A4551CE00AEBF49 /* facebook_ui_swiftUITests.xctest */;
			productType = "com.apple.product-type.bundle.ui-testing";
		};
/* End PBXNativeTarget section */

/* Begin PBXProject section */
		CB9809FF2A4551CD00AEBF49 /* Project object */ = {
			isa = PBXProject;
			attributes = {
				BuildIndependentTargetsInParallel = 1;
				LastSwiftUpdateCheck = 1420;
				LastUpgradeCheck = 1420;
				TargetAttributes = {
					CB980A062A4551CD00AEBF49 = {
						CreatedOnToolsVersion = 14.2;
					};
					CB980A172A4551CE00AEBF49 = {
						CreatedOnToolsVersion = 14.2;
						TestTargetID = CB980A062A4551CD00AEBF49;
					};
					CB980A212A4551CE00AEBF49 = {
						CreatedOnToolsVersion = 14.2;
						TestTargetID = CB980A062A4551CD00AEBF49;
					};
				};
			};
			buildConfigurationList = CB980A022A4551CD00AEBF49 /* Build configuration list for PBXProject "facebook_ui_swift" */;
			compatibilityVersion = "Xcode 14.0";
			developmentRegion = en;
			hasScannedForEncodings = 0;
			knownRegions = (
				en,
				Base,
			);
			mainGroup = CB9809FE2A4551CD00AEBF49;
			productRefGroup = CB980A082A4551CD00AEBF49 /* Products */;
			projectDirPath = "";
			projectRoot = "";
			targets = (
				CB980A062A4551CD00AEBF49 /* facebook_ui_swift */,
				CB980A172A4551CE00AEBF49 /* facebook_ui_swiftTests */,
				CB980A212A4551CE00AEBF49 /* facebook_ui_swiftUITests */,
			);
		};
/* End PBXProject section */

/* Begin PBXResourcesBuildPhase section */
		CB980A052A4551CD00AEBF49 /* Resources */ = {
			isa = PBXResourcesBuildPhase;
			buildActionMask = 2147483647;
			files = (
				CB980A132A4551CE00AEBF49 /* Preview Assets.xcassets in Resources */,
				CB980A0F2A4551CE00AEBF49 /* Assets.xcassets in Resources */,
			);
			runOnlyForDeploymentPostprocessing = 0;
		};
		CB980A162A4551CE00AEBF49 /* Resources */ = {
			isa = PBXResourcesBuildPhase;
			buildActionMask = 2147483647;
			files = (
			);
			runOnlyForDeploymentPostprocessing = 0;
		};
		CB980A202A4551CE00AEBF49 /* Resources */ = {
			isa = PBXResourcesBuildPhase;
			buildActionMask = 2147483647;
			files = (
			);
			runOnlyForDeploymentPostprocessing = 0;
		};
/* End PBXResourcesBuildPhase section */

/* Begin PBXSourcesBuildPhase section */
		CB980A032A4551CD00AEBF49 /* Sources */ = {
			isa = PBXSourcesBuildPhase;
			buildActionMask = 2147483647;
			files = (
				CB980A462A4587D600AEBF49 /* Header.swift in Sources */,
				CB980A3B2A4552DB00AEBF49 /* Colors.swift in Sources */,
				CB980A402A45863E00AEBF49 /* extension.swift in Sources */,
				CB980A432A4587B600AEBF49 /* ContentView.swift in Sources */,
				CB980A482A4588F400AEBF49 /* Home.swift in Sources */,
				CB980A512A458BE300AEBF49 /* StoryCard.swift in Sources */,
				CB980A4C2A458A6B00AEBF49 /* PostsModel.swift in Sources */,
				CB980A0B2A4551CD00AEBF49 /* facebook_ui_swiftApp.swift in Sources */,
				CB980A4F2A458AC800AEBF49 /* AddStoriesRow.swift in Sources */,
				CB980A4D2A458A6B00AEBF49 /* StoriesModel.swift in Sources */,
			);
			runOnlyForDeploymentPostprocessing = 0;
		};
		CB980A142A4551CE00AEBF49 /* Sources */ = {
			isa = PBXSourcesBuildPhase;
			buildActionMask = 2147483647;
			files = (
				CB980A1D2A4551CE00AEBF49 /* facebook_ui_swiftTests.swift in Sources */,
			);
			runOnlyForDeploymentPostprocessing = 0;
		};
		CB980A1E2A4551CE00AEBF49 /* Sources */ = {
			isa = PBXSourcesBuildPhase;
			buildActionMask = 2147483647;
			files = (
				CB980A292A4551CE00AEBF49 /* facebook_ui_swiftUITestsLaunchTests.swift in Sources */,
				CB980A272A4551CE00AEBF49 /* facebook_ui_swiftUITests.swift in Sources */,
			);
			runOnlyForDeploymentPostprocessing = 0;
		};
/* End PBXSourcesBuildPhase section */

/* Begin PBXTargetDependency section */
		CB980A1A2A4551CE00AEBF49 /* PBXTargetDependency */ = {
			isa = PBXTargetDependency;
			target = CB980A062A4551CD00AEBF49 /* facebook_ui_swift */;
			targetProxy = CB980A192A4551CE00AEBF49 /* PBXContainerItemProxy */;
		};
		CB980A242A4551CE00AEBF49 /* PBXTargetDependency */ = {
			isa = PBXTargetDependency;
			target = CB980A062A4551CD00AEBF49 /* facebook_ui_swift */;
			targetProxy = CB980A232A4551CE00AEBF49 /* PBXContainerItemProxy */;
		};
/* End PBXTargetDependency section */

/* Begin XCBuildConfiguration section */
		CB980A2A2A4551CE00AEBF49 /* Debug */ = {
			isa = XCBuildConfiguration;
			buildSettings = {
				ALWAYS_SEARCH_USER_PATHS = NO;
				CLANG_ANALYZER_NONNULL = YES;
				CLANG_ANALYZER_NUMBER_OBJECT_CONVERSION = YES_AGGRESSIVE;
				CLANG_CXX_LANGUAGE_STANDARD = "gnu++20";
				CLANG_ENABLE_MODULES = YES;
				CLANG_ENABLE_OBJC_ARC = YES;
				CLANG_ENABLE_OBJC_WEAK = YES;
				CLANG_WARN_BLOCK_CAPTURE_AUTORELEASING = YES;
				CLANG_WARN_BOOL_CONVERSION = YES;
				CLANG_WARN_COMMA = YES;
				CLANG_WARN_CONSTANT_CONVERSION = YES;
				CLANG_WARN_DEPRECATED_OBJC_IMPLEMENTATIONS = YES;
				CLANG_WARN_DIRECT_OBJC_ISA_USAGE = YES_ERROR;
				CLANG_WARN_DOCUMENTATION_COMMENTS = YES;
				CLANG_WARN_EMPTY_BODY = YES;
				CLANG_WARN_ENUM_CONVERSION = YES;
				CLANG_WARN_INFINITE_RECURSION = YES;
				CLANG_WARN_INT_CONVERSION = YES;
				CLANG_WARN_NON_LITERAL_NULL_CONVERSION = YES;
				CLANG_WARN_OBJC_IMPLICIT_RETAIN_SELF = YES;
				CLANG_WARN_OBJC_LITERAL_CONVERSION = YES;
				CLANG_WARN_OBJC_ROOT_CLASS = YES_ERROR;
				CLANG_WARN_QUOTED_INCLUDE_IN_FRAMEWORK_HEADER = YES;
				CLANG_WARN_RANGE_LOOP_ANALYSIS = YES;
				CLANG_WARN_STRICT_PROTOTYPES = YES;
				CLANG_WARN_SUSPICIOUS_MOVE = YES;
				CLANG_WARN_UNGUARDED_AVAILABILITY = YES_AGGRESSIVE;
				CLANG_WARN_UNREACHABLE_CODE = YES;
				CLANG_WARN__DUPLICATE_METHOD_MATCH = YES;
				COPY_PHASE_STRIP = NO;
				DEBUG_INFORMATION_FORMAT = dwarf;
				ENABLE_STRICT_OBJC_MSGSEND = YES;
				ENABLE_TESTABILITY = YES;
				GCC_C_LANGUAGE_STANDARD = gnu11;
				GCC_DYNAMIC_NO_PIC = NO;
				GCC_NO_COMMON_BLOCKS = YES;
				GCC_OPTIMIZATION_LEVEL = 0;
				GCC_PREPROCESSOR_DEFINITIONS = (
					"DEBUG=1",
					"$(inherited)",
				);
				GCC_WARN_64_TO_32_BIT_CONVERSION = YES;
				GCC_WARN_ABOUT_RETURN_TYPE = YES_ERROR;
				GCC_WARN_UNDECLARED_SELECTOR = YES;
				GCC_WARN_UNINITIALIZED_AUTOS = YES_AGGRESSIVE;
				GCC_WARN_UNUSED_FUNCTION = YES;
				GCC_WARN_UNUSED_VARIABLE = YES;
				MTL_ENABLE_DEBUG_INFO = INCLUDE_SOURCE;
				MTL_FAST_MATH = YES;
				ONLY_ACTIVE_ARCH = YES;
				SWIFT_ACTIVE_COMPILATION_CONDITIONS = DEBUG;
				SWIFT_OPTIMIZATION_LEVEL = "-Onone";
			};
			name = Debug;
		};
		CB980A2B2A4551CE00AEBF49 /* Release */ = {
			isa = XCBuildConfiguration;
			buildSettings = {
				ALWAYS_SEARCH_USER_PATHS = NO;
				CLANG_ANALYZER_NONNULL = YES;
				CLANG_ANALYZER_NUMBER_OBJECT_CONVERSION = YES_AGGRESSIVE;
				CLANG_CXX_LANGUAGE_STANDARD = "gnu++20";
				CLANG_ENABLE_MODULES = YES;
				CLANG_ENABLE_OBJC_ARC = YES;
				CLANG_ENABLE_OBJC_WEAK = YES;
				CLANG_WARN_BLOCK_CAPTURE_AUTORELEASING = YES;
				CLANG_WARN_BOOL_CONVERSION = YES;
				CLANG_WARN_COMMA = YES;
				CLANG_WARN_CONSTANT_CONVERSION = YES;
				CLANG_WARN_DEPRECATED_OBJC_IMPLEMENTATIONS = YES;
				CLANG_WARN_DIRECT_OBJC_ISA_USAGE = YES_ERROR;
				CLANG_WARN_DOCUMENTATION_COMMENTS = YES;
				CLANG_WARN_EMPTY_BODY = YES;
				CLANG_WARN_ENUM_CONVERSION = YES;
				CLANG_WARN_INFINITE_RECURSION = YES;
				CLANG_WARN_INT_CONVERSION = YES;
				CLANG_WARN_NON_LITERAL_NULL_CONVERSION = YES;
				CLANG_WARN_OBJC_IMPLICIT_RETAIN_SELF = YES;
				CLANG_WARN_OBJC_LITERAL_CONVERSION = YES;
				CLANG_WARN_OBJC_ROOT_CLASS = YES_ERROR;
				CLANG_WARN_QUOTED_INCLUDE_IN_FRAMEWORK_HEADER = YES;
				CLANG_WARN_RANGE_LOOP_ANALYSIS = YES;
				CLANG_WARN_STRICT_PROTOTYPES = YES;
				CLANG_WARN_SUSPICIOUS_MOVE = YES;
				CLANG_WARN_UNGUARDED_AVAILABILITY = YES_AGGRESSIVE;
				CLANG_WARN_UNREACHABLE_CODE = YES;
				CLANG_WARN__DUPLICATE_METHOD_MATCH = YES;
				COPY_PHASE_STRIP = NO;
				DEBUG_INFORMATION_FORMAT = "dwarf-with-dsym";
				ENABLE_NS_ASSERTIONS = NO;
				ENABLE_STRICT_OBJC_MSGSEND = YES;
				GCC_C_LANGUAGE_STANDARD = gnu11;
				GCC_NO_COMMON_BLOCKS = YES;
				GCC_WARN_64_TO_32_BIT_CONVERSION = YES;
				GCC_WARN_ABOUT_RETURN_TYPE = YES_ERROR;
				GCC_WARN_UNDECLARED_SELECTOR = YES;
				GCC_WARN_UNINITIALIZED_AUTOS = YES_AGGRESSIVE;
				GCC_WARN_UNUSED_FUNCTION = YES;
				GCC_WARN_UNUSED_VARIABLE = YES;
				MTL_ENABLE_DEBUG_INFO = NO;
				MTL_FAST_MATH = YES;
				SWIFT_COMPILATION_MODE = wholemodule;
				SWIFT_OPTIMIZATION_LEVEL = "-O";
			};
			name = Release;
		};
		CB980A2D2A4551CE00AEBF49 /* Debug */ = {
			isa = XCBuildConfiguration;
			buildSettings = {
				ASSETCATALOG_COMPILER_APPICON_NAME = AppIcon;
				ASSETCATALOG_COMPILER_GLOBAL_ACCENT_COLOR_NAME = AccentColor;
				CODE_SIGN_ENTITLEMENTS = facebook_ui_swift/facebook_ui_swift.entitlements;
				CODE_SIGN_STYLE = Automatic;
				CURRENT_PROJECT_VERSION = 1;
				DEVELOPMENT_ASSET_PATHS = "\"facebook_ui_swift/Preview Content\"";
				ENABLE_PREVIEWS = YES;
				GENERATE_INFOPLIST_FILE = YES;
				"INFOPLIST_KEY_UIApplicationSceneManifest_Generation[sdk=iphoneos*]" = YES;
				"INFOPLIST_KEY_UIApplicationSceneManifest_Generation[sdk=iphonesimulator*]" = YES;
				"INFOPLIST_KEY_UIApplicationSupportsIndirectInputEvents[sdk=iphoneos*]" = YES;
				"INFOPLIST_KEY_UIApplicationSupportsIndirectInputEvents[sdk=iphonesimulator*]" = YES;
				"INFOPLIST_KEY_UILaunchScreen_Generation[sdk=iphoneos*]" = YES;
				"INFOPLIST_KEY_UILaunchScreen_Generation[sdk=iphonesimulator*]" = YES;
				"INFOPLIST_KEY_UIStatusBarStyle[sdk=iphoneos*]" = UIStatusBarStyleDefault;
				"INFOPLIST_KEY_UIStatusBarStyle[sdk=iphonesimulator*]" = UIStatusBarStyleDefault;
				INFOPLIST_KEY_UISupportedInterfaceOrientations_iPad = "UIInterfaceOrientationPortrait UIInterfaceOrientationPortraitUpsideDown UIInterfaceOrientationLandscapeLeft UIInterfaceOrientationLandscapeRight";
				INFOPLIST_KEY_UISupportedInterfaceOrientations_iPhone = "UIInterfaceOrientationPortrait UIInterfaceOrientationLandscapeLeft UIInterfaceOrientationLandscapeRight";
				IPHONEOS_DEPLOYMENT_TARGET = 16.2;
				LD_RUNPATH_SEARCH_PATHS = "@executable_path/Frameworks";
				"LD_RUNPATH_SEARCH_PATHS[sdk=macosx*]" = "@executable_path/../Frameworks";
				MACOSX_DEPLOYMENT_TARGET = 13.1;
				MARKETING_VERSION = 1.0;
				PRODUCT_BUNDLE_IDENTIFIER = "baotran.facebook-ui-swift";
				PRODUCT_NAME = "$(TARGET_NAME)";
				SDKROOT = auto;
				SUPPORTED_PLATFORMS = "iphoneos iphonesimulator macosx";
				SWIFT_EMIT_LOC_STRINGS = YES;
				SWIFT_VERSION = 5.0;
				TARGETED_DEVICE_FAMILY = "1,2";
			};
			name = Debug;
		};
		CB980A2E2A4551CE00AEBF49 /* Release */ = {
			isa = XCBuildConfiguration;
			buildSettings = {
				ASSETCATALOG_COMPILER_APPICON_NAME = AppIcon;
				ASSETCATALOG_COMPILER_GLOBAL_ACCENT_COLOR_NAME = AccentColor;
				CODE_SIGN_ENTITLEMENTS = facebook_ui_swift/facebook_ui_swift.entitlements;
				CODE_SIGN_STYLE = Automatic;
				CURRENT_PROJECT_VERSION = 1;
				DEVELOPMENT_ASSET_PATHS = "\"facebook_ui_swift/Preview Content\"";
				ENABLE_PREVIEWS = YES;
				GENERATE_INFOPLIST_FILE = YES;
				"INFOPLIST_KEY_UIApplicationSceneManifest_Generation[sdk=iphoneos*]" = YES;
				"INFOPLIST_KEY_UIApplicationSceneManifest_Generation[sdk=iphonesimulator*]" = YES;
				"INFOPLIST_KEY_UIApplicationSupportsIndirectInputEvents[sdk=iphoneos*]" = YES;
				"INFOPLIST_KEY_UIApplicationSupportsIndirectInputEvents[sdk=iphonesimulator*]" = YES;
				"INFOPLIST_KEY_UILaunchScreen_Generation[sdk=iphoneos*]" = YES;
				"INFOPLIST_KEY_UILaunchScreen_Generation[sdk=iphonesimulator*]" = YES;
				"INFOPLIST_KEY_UIStatusBarStyle[sdk=iphoneos*]" = UIStatusBarStyleDefault;
				"INFOPLIST_KEY_UIStatusBarStyle[sdk=iphonesimulator*]" = UIStatusBarStyleDefault;
				INFOPLIST_KEY_UISupportedInterfaceOrientations_iPad = "UIInterfaceOrientationPortrait UIInterfaceOrientationPortraitUpsideDown UIInterfaceOrientationLandscapeLeft UIInterfaceOrientationLandscapeRight";
				INFOPLIST_KEY_UISupportedInterfaceOrientations_iPhone = "UIInterfaceOrientationPortrait UIInterfaceOrientationLandscapeLeft UIInterfaceOrientationLandscapeRight";
				IPHONEOS_DEPLOYMENT_TARGET = 16.2;
				LD_RUNPATH_SEARCH_PATHS = "@executable_path/Frameworks";
				"LD_RUNPATH_SEARCH_PATHS[sdk=macosx*]" = "@executable_path/../Frameworks";
				MACOSX_DEPLOYMENT_TARGET = 13.1;
				MARKETING_VERSION = 1.0;
				PRODUCT_BUNDLE_IDENTIFIER = "baotran.facebook-ui-swift";
				PRODUCT_NAME = "$(TARGET_NAME)";
				SDKROOT = auto;
				SUPPORTED_PLATFORMS = "iphoneos iphonesimulator macosx";
				SWIFT_EMIT_LOC_STRINGS = YES;
				SWIFT_VERSION = 5.0;
				TARGETED_DEVICE_FAMILY = "1,2";
			};
			name = Release;
		};
		CB980A302A4551CE00AEBF49 /* Debug */ = {
			isa = XCBuildConfiguration;
			buildSettings = {
				ALWAYS_EMBED_SWIFT_STANDARD_LIBRARIES = YES;
				BUNDLE_LOADER = "$(TEST_HOST)";
				CODE_SIGN_STYLE = Automatic;
				CURRENT_PROJECT_VERSION = 1;
				GENERATE_INFOPLIST_FILE = YES;
				IPHONEOS_DEPLOYMENT_TARGET = 16.2;
				MACOSX_DEPLOYMENT_TARGET = 13.1;
				MARKETING_VERSION = 1.0;
				PRODUCT_BUNDLE_IDENTIFIER = "baotran.facebook-ui-swiftTests";
				PRODUCT_NAME = "$(TARGET_NAME)";
				SDKROOT = auto;
				SUPPORTED_PLATFORMS = "iphoneos iphonesimulator macosx";
				SWIFT_EMIT_LOC_STRINGS = NO;
				SWIFT_VERSION = 5.0;
				TARGETED_DEVICE_FAMILY = "1,2";
				TEST_HOST = "$(BUILT_PRODUCTS_DIR)/facebook_ui_swift.app/$(BUNDLE_EXECUTABLE_FOLDER_PATH)/facebook_ui_swift";
			};
			name = Debug;
		};
		CB980A312A4551CE00AEBF49 /* Release */ = {
			isa = XCBuildConfiguration;
			buildSettings = {
				ALWAYS_EMBED_SWIFT_STANDARD_LIBRARIES = YES;
				BUNDLE_LOADER = "$(TEST_HOST)";
				CODE_SIGN_STYLE = Automatic;
				CURRENT_PROJECT_VERSION = 1;
				GENERATE_INFOPLIST_FILE = YES;
				IPHONEOS_DEPLOYMENT_TARGET = 16.2;
				MACOSX_DEPLOYMENT_TARGET = 13.1;
				MARKETING_VERSION = 1.0;
				PRODUCT_BUNDLE_IDENTIFIER = "baotran.facebook-ui-swiftTests";
				PRODUCT_NAME = "$(TARGET_NAME)";
				SDKROOT = auto;
				SUPPORTED_PLATFORMS = "iphoneos iphonesimulator macosx";
				SWIFT_EMIT_LOC_STRINGS = NO;
				SWIFT_VERSION = 5.0;
				TARGETED_DEVICE_FAMILY = "1,2";
				TEST_HOST = "$(BUILT_PRODUCTS_DIR)/facebook_ui_swift.app/$(BUNDLE_EXECUTABLE_FOLDER_PATH)/facebook_ui_swift";
			};
			name = Release;
		};
		CB980A332A4551CE00AEBF49 /* Debug */ = {
			isa = XCBuildConfiguration;
			buildSettings = {
				ALWAYS_EMBED_SWIFT_STANDARD_LIBRARIES = YES;
				CODE_SIGN_STYLE = Automatic;
				CURRENT_PROJECT_VERSION = 1;
				GENERATE_INFOPLIST_FILE = YES;
				IPHONEOS_DEPLOYMENT_TARGET = 16.2;
				MACOSX_DEPLOYMENT_TARGET = 13.1;
				MARKETING_VERSION = 1.0;
				PRODUCT_BUNDLE_IDENTIFIER = "baotran.facebook-ui-swiftUITests";
				PRODUCT_NAME = "$(TARGET_NAME)";
				SDKROOT = auto;
				SUPPORTED_PLATFORMS = "iphoneos iphonesimulator macosx";
				SWIFT_EMIT_LOC_STRINGS = NO;
				SWIFT_VERSION = 5.0;
				TARGETED_DEVICE_FAMILY = "1,2";
				TEST_TARGET_NAME = facebook_ui_swift;
			};
			name = Debug;
		};
		CB980A342A4551CE00AEBF49 /* Release */ = {
			isa = XCBuildConfiguration;
			buildSettings = {
				ALWAYS_EMBED_SWIFT_STANDARD_LIBRARIES = YES;
				CODE_SIGN_STYLE = Automatic;
				CURRENT_PROJECT_VERSION = 1;
				GENERATE_INFOPLIST_FILE = YES;
				IPHONEOS_DEPLOYMENT_TARGET = 16.2;
				MACOSX_DEPLOYMENT_TARGET = 13.1;
				MARKETING_VERSION = 1.0;
				PRODUCT_BUNDLE_IDENTIFIER = "baotran.facebook-ui-swiftUITests";
				PRODUCT_NAME = "$(TARGET_NAME)";
				SDKROOT = auto;
				SUPPORTED_PLATFORMS = "iphoneos iphonesimulator macosx";
				SWIFT_EMIT_LOC_STRINGS = NO;
				SWIFT_VERSION = 5.0;
				TARGETED_DEVICE_FAMILY = "1,2";
				TEST_TARGET_NAME = facebook_ui_swift;
			};
			name = Release;
		};
/* End XCBuildConfiguration section */

/* Begin XCConfigurationList section */
		CB980A022A4551CD00AEBF49 /* Build configuration list for PBXProject "facebook_ui_swift" */ = {
			isa = XCConfigurationList;
			buildConfigurations = (
				CB980A2A2A4551CE00AEBF49 /* Debug */,
				CB980A2B2A4551CE00AEBF49 /* Release */,
			);
			defaultConfigurationIsVisible = 0;
			defaultConfigurationName = Release;
		};
		CB980A2C2A4551CE00AEBF49 /* Build configuration list for PBXNativeTarget "facebook_ui_swift" */ = {
			isa = XCConfigurationList;
			buildConfigurations = (
				CB980A2D2A4551CE00AEBF49 /* Debug */,
				CB980A2E2A4551CE00AEBF49 /* Release */,
			);
			defaultConfigurationIsVisible = 0;
			defaultConfigurationName = Release;
		};
		CB980A2F2A4551CE00AEBF49 /* Build configuration list for PBXNativeTarget "facebook_ui_swiftTests" */ = {
			isa = XCConfigurationList;
			buildConfigurations = (
				CB980A302A4551CE00AEBF49 /* Debug */,
				CB980A312A4551CE00AEBF49 /* Release */,
			);
			defaultConfigurationIsVisible = 0;
			defaultConfigurationName = Release;
		};
		CB980A322A4551CE00AEBF49 /* Build configuration list for PBXNativeTarget "facebook_ui_swiftUITests" */ = {
			isa = XCConfigurationList;
			buildConfigurations = (
				CB980A332A4551CE00AEBF49 /* Debug */,
				CB980A342A4551CE00AEBF49 /* Release */,
			);
			defaultConfigurationIsVisible = 0;
			defaultConfigurationName = Release;
		};
/* End XCConfigurationList section */
	};
	rootObject = CB9809FF2A4551CD00AEBF49 /* Project object */;
}
